
Microsoft Visual Studio Solution File, Format Version 12.00
# Visual Studio Version 16
VisualStudioVersion = 16.0.31105.61
MinimumVisualStudioVersion = 10.0.40219.1
Project("{FAE04EC0-301F-11D3-BF4B-00C04F79EFBC}") = "CRMit.E2E", "test\CRMit.E2E\CRMit.E2E.csproj", "{42F3AB4D-F8FB-4AEF-841E-E2E85B5A29C7}"
EndProject
Project("{2150E333-8FDC-42A3-9474-1A3956D46DE8}") = "Solution Items", "Solution Items", "{D0D10EA9-78CC-4947-A51A-B86C40E13519}"
	ProjectSection(SolutionItems) = preProject
		.gitignore = .gitignore
		LICENSE = LICENSE
	EndProjectSection
EndProject
Project("{E53339B2-1760-4266-BCC7-CA923CBCF16C}") = "docker-compose", "docker-compose.dcproj", "{32845A05-67A2-40C1-99FD-4789A71FCDC5}"
EndProject
Global
	GlobalSection(SolutionConfigurationPlatforms) = preSolution
		Debug|Any CPU = Debug|Any CPU
		Release|Any CPU = Release|Any CPU
	EndGlobalSection
	GlobalSection(ProjectConfigurationPlatforms) = postSolution
		{42F3AB4D-F8FB-4AEF-841E-E2E85B5A29C7}.Debug|Any CPU.ActiveCfg = Debug|Any CPU
		{42F3AB4D-F8FB-4AEF-841E-E2E85B5A29C7}.Debug|Any CPU.Build.0 = Debug|Any CPU
		{42F3AB4D-F8FB-4AEF-841E-E2E85B5A29C7}.Release|Any CPU.ActiveCfg = Release|Any CPU
		{42F3AB4D-F8FB-4AEF-841E-E2E85B5A29C7}.Release|Any CPU.Build.0 = Release|Any CPU
		{32845A05-67A2-40C1-99FD-4789A71FCDC5}.Debug|Any CPU.ActiveCfg = Debug|Any CPU
		{32845A05-67A2-40C1-99FD-4789A71FCDC5}.Debug|Any CPU.Build.0 = Debug|Any CPU
		{32845A05-67A2-40C1-99FD-4789A71FCDC5}.Release|Any CPU.ActiveCfg = Release|Any CPU
		{32845A05-67A2-40C1-99FD-4789A71FCDC5}.Release|Any CPU.Build.0 = Release|Any CPU
	EndGlobalSection
	GlobalSection(SolutionProperties) = preSolution
		HideSolutionNode = FALSE
	EndGlobalSection
	GlobalSection(ExtensibilityGlobals) = postSolution
		SolutionGuid = {77A55196-5C65-4279-AB95-197D1199947D}
	EndGlobalSection
EndGlobal
